
Microsoft Visual Studio Solution File, Format Version 12.00
# Visual Studio Version 17
VisualStudioVersion = 17.5.002.0
MinimumVisualStudioVersion = 10.0.40219.1
Project("{9A19103F-16F7-4668-BE54-9A1E7A4F7556}") = "dotnet-jwt", "dotnet-jwt.csproj", "{0B31132E-866B-43A2-B438-D3E292C770FE}"
EndProject
Global
	GlobalSection(SolutionConfigurationPlatforms) = preSolution
		Debug|Any CPU = Debug|Any CPU
		Release|Any CPU = Release|Any CPU
	EndGlobalSection
	GlobalSection(ProjectConfigurationPlatforms) = postSolution
		{0B31132E-866B-43A2-B438-D3E292C770FE}.Debug|Any CPU.ActiveCfg = Debug|Any CPU
		{0B31132E-866B-43A2-B438-D3E292C770FE}.Debug|Any CPU.Build.0 = Debug|Any CPU
		{0B31132E-866B-43A2-B438-D3E292C770FE}.Release|Any CPU.ActiveCfg = Release|Any CPU
		{0B31132E-866B-43A2-B438-D3E292C770FE}.Release|Any CPU.Build.0 = Release|Any CPU
	EndGlobalSection
	GlobalSection(SolutionProperties) = preSolution
		HideSolutionNode = FALSE
	EndGlobalSection
	GlobalSection(ExtensibilityGlobals) = postSolution
		SolutionGuid = {69D05BC0-6779-4D19-A826-BE5E3BA06F62}
	EndGlobalSection
EndGlobal
